// !$*UTF8*$!
{
	archiveVersion = 1;
	classes = {
	};
	objectVersion = 48;
	objects = {

/* Begin PBXBuildFile section */
		F424789420574D0800E32D4A /* AppDelegate.swift in Sources */ = {isa = PBXBuildFile; fileRef = F424789320574D0800E32D4A /* AppDelegate.swift */; };
		F424789620574D0800E32D4A /* ViewController.swift in Sources */ = {isa = PBXBuildFile; fileRef = F424789520574D0800E32D4A /* ViewController.swift */; };
		F424789920574D0800E32D4A /* Main.storyboard in Resources */ = {isa = PBXBuildFile; fileRef = F424789720574D0800E32D4A /* Main.storyboard */; };
		F424789B20574D0800E32D4A /* Assets.xcassets in Resources */ = {isa = PBXBuildFile; fileRef = F424789A20574D0800E32D4A /* Assets.xcassets */; };
		F424789E20574D0800E32D4A /* LaunchScreen.storyboard in Resources */ = {isa = PBXBuildFile; fileRef = F424789C20574D0800E32D4A /* LaunchScreen.storyboard */; };
		F42478A620574EEF00E32D4A /* FalconHeavySound.mp3 in Resources */ = {isa = PBXBuildFile; fileRef = F42478A520574EEF00E32D4A /* FalconHeavySound.mp3 */; };
/* End PBXBuildFile section */

/* Begin PBXFileReference section */
		F424789020574D0800E32D4A /* FalconHeavyLaunch.app */ = {isa = PBXFileReference; explicitFileType = wrapper.application; includeInIndex = 0; path = FalconHeavyLaunch.app; sourceTree = BUILT_PRODUCTS_DIR; };
		F424789320574D0800E32D4A /* AppDelegate.swift */ = {isa = PBXFileReference; lastKnownFileType = sourcecode.swift; path = AppDelegate.swift; sourceTree = "<group>"; };
		F424789520574D0800E32D4A /* ViewController.swift */ = {isa = PBXFileReference; lastKnownFileType = sourcecode.swift; path = ViewController.swift; sourceTree = "<group>"; };
		F424789820574D0800E32D4A /* Base */ = {isa = PBXFileReference; lastKnownFileType = file.storyboard; name = Base; path = Base.lproj/Main.storyboard; sourceTree = "<group>"; };
		F424789A20574D0800E32D4A /* Assets.xcassets */ = {isa = PBXFileReference; lastKnownFileType = folder.assetcatalog; path = Assets.xcassets; sourceTree = "<group>"; };
		F424789D20574D0800E32D4A /* Base */ = {isa = PBXFileReference; lastKnownFileType = file.storyboard; name = Base; path = Base.lproj/LaunchScreen.storyboard; sourceTree = "<group>"; };
		F424789F20574D0800E32D4A /* Info.plist */ = {isa = PBXFileReference; lastKnownFileType = text.plist.xml; path = Info.plist; sourceTree = "<group>"; };
		F42478A520574EEF00E32D4A /* FalconHeavySound.mp3 */ = {isa = PBXFileReference; lastKnownFileType = audio.mp3; path = FalconHeavySound.mp3; sourceTree = "<group>"; };
/* End PBXFileReference section */

/* Begin PBXFrameworksBuildPhase section */
		F424788D20574D0800E32D4A /* Frameworks */ = {
			isa = PBXFrameworksBuildPhase;
			buildActionMask = 2147483647;
			files = (
			);
			runOnlyForDeploymentPostprocessing = 0;
		};
/* End PBXFrameworksBuildPhase section */

/* Begin PBXGroup section */
		F424788720574D0700E32D4A = {
			isa = PBXGroup;
			children = (
				F424789220574D0800E32D4A /* FalconHeavyLaunch */,
				F424789120574D0800E32D4A /* Products */,
			);
			sourceTree = "<group>";
		};
		F424789120574D0800E32D4A /* Products */ = {
			isa = PBXGroup;
			children = (
				F424789020574D0800E32D4A /* FalconHeavyLaunch.app */,
			);
			name = Products;
			sourceTree = "<group>";
		};
		F424789220574D0800E32D4A /* FalconHeavyLaunch */ = {
			isa = PBXGroup;
			children = (
				F42478A520574EEF00E32D4A /* FalconHeavySound.mp3 */,
				F424789320574D0800E32D4A /* AppDelegate.swift */,
				F424789520574D0800E32D4A /* ViewController.swift */,
				F424789720574D0800E32D4A /* Main.storyboard */,
				F424789A20574D0800E32D4A /* Assets.xcassets */,
				F424789C20574D0800E32D4A /* LaunchScreen.storyboard */,
				F424789F20574D0800E32D4A /* Info.plist */,
			);
			path = FalconHeavyLaunch;
			sourceTree = "<group>";
		};
/* End PBXGroup section */

/* Begin PBXNativeTarget section */
		F424788F20574D0800E32D4A /* FalconHeavyLaunch */ = {
			isa = PBXNativeTarget;
			buildConfigurationList = F42478A220574D0800E32D4A /* Build configuration list for PBXNativeTarget "FalconHeavyLaunch" */;
			buildPhases = (
				F424788C20574D0800E32D4A /* Sources */,
				F424788D20574D0800E32D4A /* Frameworks */,
				F424788E20574D0800E32D4A /* Resources */,
			);
			buildRules = (
			);
			dependencies = (
			);
			name = FalconHeavyLaunch;
			productName = FalconHeavyLaunch;
			productReference = F424789020574D0800E32D4A /* FalconHeavyLaunch.app */;
			productType = "com.apple.product-type.application";
		};
/* End PBXNativeTarget section */

/* Begin PBXProject section */
		F424788820574D0700E32D4A /* Project object */ = {
			isa = PBXProject;
			attributes = {
				LastSwiftUpdateCheck = 0920;
				LastUpgradeCheck = 0920;
				ORGANIZATIONNAME = "Joey Slomowitz";
				TargetAttributes = {
					F424788F20574D0800E32D4A = {
						CreatedOnToolsVersion = 9.2;
						ProvisioningStyle = Automatic;
					};
				};
			};
			buildConfigurationList = F424788B20574D0800E32D4A /* Build configuration list for PBXProject "FalconHeavyLaunch" */;
			compatibilityVersion = "Xcode 8.0";
			developmentRegion = en;
			hasScannedForEncodings = 0;
			knownRegions = (
				en,
				Base,
			);
			mainGroup = F424788720574D0700E32D4A;
			productRefGroup = F424789120574D0800E32D4A /* Products */;
			projectDirPath = "";
			projectRoot = "";
			targets = (
				F424788F20574D0800E32D4A /* FalconHeavyLaunch */,
			);
		};
/* End PBXProject section */

/* Begin PBXResourcesBuildPhase section */
		F424788E20574D0800E32D4A /* Resources */ = {
			isa = PBXResourcesBuildPhase;
			buildActionMask = 2147483647;
			files = (
				F424789E20574D0800E32D4A /* LaunchScreen.storyboard in Resources */,
				F424789B20574D0800E32D4A /* Assets.xcassets in Resources */,
				F424789920574D0800E32D4A /* Main.storyboard in Resources */,
				F42478A620574EEF00E32D4A /* FalconHeavySound.mp3 in Resources */,
			);
			runOnlyForDeploymentPostprocessing = 0;
		};
/* End PBXResourcesBuildPhase section */

/* Begin PBXSourcesBuildPhase section */
		F424788C20574D0800E32D4A /* Sources */ = {
			isa = PBXSourcesBuildPhase;
			buildActionMask = 2147483647;
			files = (
				F424789620574D0800E32D4A /* ViewController.swift in Sources */,
				F424789420574D0800E32D4A /* AppDelegate.swift in Sources */,
			);
			runOnlyForDeploymentPostprocessing = 0;
		};
/* End PBXSourcesBuildPhase section */

/* Begin PBXVariantGroup section */
		F424789720574D0800E32D4A /* Main.storyboard */ = {
			isa = PBXVariantGroup;
			children = (
				F424789820574D0800E32D4A /* Base */,
			);
			name = Main.storyboard;
			sourceTree = "<group>";
		};
		F424789C20574D0800E32D4A /* LaunchScreen.storyboard */ = {
			isa = PBXVariantGroup;
			children = (
				F424789D20574D0800E32D4A /* Base */,
			);
			name = LaunchScreen.storyboard;
			sourceTree = "<group>";
		};
/* End PBXVariantGroup section */

/* Begin XCBuildConfiguration section */
		F42478A020574D0800E32D4A /* Debug */ = {
			isa = XCBuildConfiguration;
			buildSettings = {
				ALWAYS_SEARCH_USER_PATHS = NO;
				CLANG_ANALYZER_NONNULL = YES;
				CLANG_ANALYZER_NUMBER_OBJECT_CONVERSION = YES_AGGRESSIVE;
				CLANG_CXX_LANGUAGE_STANDARD = "gnu++14";
				CLANG_CXX_LIBRARY = "libc++";
				CLANG_ENABLE_MODULES = YES;
				CLANG_ENABLE_OBJC_ARC = YES;
				CLANG_WARN_BLOCK_CAPTURE_AUTORELEASING = YES;
				CLANG_WARN_BOOL_CONVERSION = YES;
				CLANG_WARN_COMMA = YES;
				CLANG_WARN_CONSTANT_CONVERSION = YES;
				CLANG_WARN_DIRECT_OBJC_ISA_USAGE = YES_ERROR;
				CLANG_WARN_DOCUMENTATION_COMMENTS = YES;
				CLANG_WARN_EMPTY_BODY = YES;
				CLANG_WARN_ENUM_CONVERSION = YES;
				CLANG_WARN_INFINITE_RECURSION = YES;
				CLANG_WARN_INT_CONVERSION = YES;
				CLANG_WARN_NON_LITERAL_NULL_CONVERSION = YES;
				CLANG_WARN_OBJC_LITERAL_CONVERSION = YES;
				CLANG_WARN_OBJC_ROOT_CLASS = YES_ERROR;
				CLANG_WARN_RANGE_LOOP_ANALYSIS = YES;
				CLANG_WARN_STRICT_PROTOTYPES = YES;
				CLANG_WARN_SUSPICIOUS_MOVE = YES;
				CLANG_WARN_UNGUARDED_AVAILABILITY = YES_AGGRESSIVE;
				CLANG_WARN_UNREACHABLE_CODE = YES;
				CLANG_WARN__DUPLICATE_METHOD_MATCH = YES;
				CODE_SIGN_IDENTITY = "iPhone Developer";
				COPY_PHASE_STRIP = NO;
				DEBUG_INFORMATION_FORMAT = dwarf;
				ENABLE_STRICT_OBJC_MSGSEND = YES;
				ENABLE_TESTABILITY = YES;
				GCC_C_LANGUAGE_STANDARD = gnu11;
				GCC_DYNAMIC_NO_PIC = NO;
				GCC_NO_COMMON_BLOCKS = YES;
				GCC_OPTIMIZATION_LEVEL = 0;
				GCC_PREPROCESSOR_DEFINITIONS = (
					"DEBUG=1",
					"$(inherited)",
				);
				GCC_WARN_64_TO_32_BIT_CONVERSION = YES;
				GCC_WARN_ABOUT_RETURN_TYPE = YES_ERROR;
				GCC_WARN_UNDECLARED_SELECTOR = YES;
				GCC_WARN_UNINITIALIZED_AUTOS = YES_AGGRESSIVE;
				GCC_WARN_UNUSED_FUNCTION = YES;
				GCC_WARN_UNUSED_VARIABLE = YES;
				IPHONEOS_DEPLOYMENT_TARGET = 11.2;
				MTL_ENABLE_DEBUG_INFO = YES;
				ONLY_ACTIVE_ARCH = YES;
				SDKROOT = iphoneos;
				SWIFT_ACTIVE_COMPILATION_CONDITIONS = DEBUG;
				SWIFT_OPTIMIZATION_LEVEL = "-Onone";
			};
			name = Debug;
		};
		F42478A120574D0800E32D4A /* Release */ = {
			isa = XCBuildConfiguration;
			buildSettings = {
				ALWAYS_SEARCH_USER_PATHS = NO;
				CLANG_ANALYZER_NONNULL = YES;
				CLANG_ANALYZER_NUMBER_OBJECT_CONVERSION = YES_AGGRESSIVE;
				CLANG_CXX_LANGUAGE_STANDARD = "gnu++14";
				CLANG_CXX_LIBRARY = "libc++";
				CLANG_ENABLE_MODULES = YES;
				CLANG_ENABLE_OBJC_ARC = YES;
				CLANG_WARN_BLOCK_CAPTURE_AUTORELEASING = YES;
				CLANG_WARN_BOOL_CONVERSION = YES;
				CLANG_WARN_COMMA = YES;
				CLANG_WARN_CONSTANT_CONVERSION = YES;
				CLANG_WARN_DIRECT_OBJC_ISA_USAGE = YES_ERROR;
				CLANG_WARN_DOCUMENTATION_COMMENTS = YES;
				CLANG_WARN_EMPTY_BODY = YES;
				CLANG_WARN_ENUM_CONVERSION = YES;
				CLANG_WARN_INFINITE_RECURSION = YES;
				CLANG_WARN_INT_CONVERSION = YES;
				CLANG_WARN_NON_LITERAL_NULL_CONVERSION = YES;
				CLANG_WARN_OBJC_LITERAL_CONVERSION = YES;
				CLANG_WARN_OBJC_ROOT_CLASS = YES_ERROR;
				CLANG_WARN_RANGE_LOOP_ANALYSIS = YES;
				CLANG_WARN_STRICT_PROTOTYPES = YES;
				CLANG_WARN_SUSPICIOUS_MOVE = YES;
				CLANG_WARN_UNGUARDED_AVAILABILITY = YES_AGGRESSIVE;
				CLANG_WARN_UNREACHABLE_CODE = YES;
				CLANG_WARN__DUPLICATE_METHOD_MATCH = YES;
				CODE_SIGN_IDENTITY = "iPhone Developer";
				COPY_PHASE_STRIP = NO;
				DEBUG_INFORMATION_FORMAT = "dwarf-with-dsym";
				ENABLE_NS_ASSERTIONS = NO;
				ENABLE_STRICT_OBJC_MSGSEND = YES;
				GCC_C_LANGUAGE_STANDARD = gnu11;
				GCC_NO_COMMON_BLOCKS = YES;
				GCC_WARN_64_TO_32_BIT_CONVERSION = YES;
				GCC_WARN_ABOUT_RETURN_TYPE = YES_ERROR;
				GCC_WARN_UNDECLARED_SELECTOR = YES;
				GCC_WARN_UNINITIALIZED_AUTOS = YES_AGGRESSIVE;
				GCC_WARN_UNUSED_FUNCTION = YES;
				GCC_WARN_UNUSED_VARIABLE = YES;
				IPHONEOS_DEPLOYMENT_TARGET = 11.2;
				MTL_ENABLE_DEBUG_INFO = NO;
				SDKROOT = iphoneos;
				SWIFT_OPTIMIZATION_LEVEL = "-Owholemodule";
				VALIDATE_PRODUCT = YES;
			};
			name = Release;
		};
		F42478A320574D0800E32D4A /* Debug */ = {
			isa = XCBuildConfiguration;
			buildSettings = {
				ASSETCATALOG_COMPILER_APPICON_NAME = AppIcon;
				CODE_SIGN_STYLE = Automatic;
				DEVELOPMENT_TEAM = UKZ48LGPG7;
				INFOPLIST_FILE = FalconHeavyLaunch/Info.plist;
				LD_RUNPATH_SEARCH_PATHS = "$(inherited) @executable_path/Frameworks";
				PRODUCT_BUNDLE_IDENTIFIER = com.jslomowitz.FalconHeavyLaunch;
				PRODUCT_NAME = "$(TARGET_NAME)";
				SWIFT_VERSION = 4.0;
				TARGETED_DEVICE_FAMILY = "1,2";
			};
			name = Debug;
		};
		F42478A420574D0800E32D4A /* Release */ = {
			isa = XCBuildConfiguration;
			buildSettings = {
				ASSETCATALOG_COMPILER_APPICON_NAME = AppIcon;
				CODE_SIGN_STYLE = Automatic;
				DEVELOPMENT_TEAM = UKZ48LGPG7;
				INFOPLIST_FILE = FalconHeavyLaunch/Info.plist;
				LD_RUNPATH_SEARCH_PATHS = "$(inherited) @executable_path/Frameworks";
				PRODUCT_BUNDLE_IDENTIFIER = com.jslomowitz.FalconHeavyLaunch;
				PRODUCT_NAME = "$(TARGET_NAME)";
				SWIFT_VERSION = 4.0;
				TARGETED_DEVICE_FAMILY = "1,2";
			};
			name = Release;
		};
/* End XCBuildConfiguration section */

/* Begin XCConfigurationList section */
		F424788B20574D0800E32D4A /* Build configuration list for PBXProject "FalconHeavyLaunch" */ = {
			isa = XCConfigurationList;
			buildConfigurations = (
				F42478A020574D0800E32D4A /* Debug */,
				F42478A120574D0800E32D4A /* Release */,
			);
			defaultConfigurationIsVisible = 0;
			defaultConfigurationName = Release;
		};
		F42478A220574D0800E32D4A /* Build configuration list for PBXNativeTarget "FalconHeavyLaunch" */ = {
			isa = XCConfigurationList;
			buildConfigurations = (
				F42478A320574D0800E32D4A /* Debug */,
				F42478A420574D0800E32D4A /* Release */,
			);
			defaultConfigurationIsVisible = 0;
			defaultConfigurationName = Release;
		};
/* End XCConfigurationList section */
	};
	rootObject = F424788820574D0700E32D4A /* Project object */;
}
